
Microsoft Visual Studio Solution File, Format Version 12.00
# Visual Studio Version 16
VisualStudioVersion = 16.0.30804.86
MinimumVisualStudioVersion = 10.0.40219.1
Project("{2150E333-8FDC-42A3-9474-1A3956D46DE8}") = "src", "src", "{B0ED8515-9045-41EC-BAB3-15C63A6AE9A0}"
EndProject
Project("{9A19103F-16F7-4668-BE54-9A1E7A4F7556}") = "CGRS.Infrastructure", "src\CGRS.Infrastructure\CGRS.Infrastructure.csproj", "{82A13A0B-63F1-40CF-89A8-E4693EC65EE8}"
EndProject
Project("{9A19103F-16F7-4668-BE54-9A1E7A4F7556}") = "CGRS.Domain", "src\CGRS.Domain\CGRS.Domain.csproj", "{98E59853-2F27-47DA-8C49-AB3B926094CA}"
EndProject
Project("{9A19103F-16F7-4668-BE54-9A1E7A4F7556}") = "CGRS.Application", "src\CGRS.Application\CGRS.Application.csproj", "{71D892E8-8E56-47A2-A8E8-430C3DBE5D47}"
EndProject
Project("{9A19103F-16F7-4668-BE54-9A1E7A4F7556}") = "CGRS.RestApi", "src\CGRS.RestApi\CGRS.RestApi.csproj", "{7F94D265-D05A-4651-9890-76A7396216FF}"
EndProject
Global
	GlobalSection(SolutionConfigurationPlatforms) = preSolution
		Debug|Any CPU = Debug|Any CPU
		Release|Any CPU = Release|Any CPU
	EndGlobalSection
	GlobalSection(ProjectConfigurationPlatforms) = postSolution
		{82A13A0B-63F1-40CF-89A8-E4693EC65EE8}.Debug|Any CPU.ActiveCfg = Debug|Any CPU
		{82A13A0B-63F1-40CF-89A8-E4693EC65EE8}.Debug|Any CPU.Build.0 = Debug|Any CPU
		{82A13A0B-63F1-40CF-89A8-E4693EC65EE8}.Release|Any CPU.ActiveCfg = Release|Any CPU
		{82A13A0B-63F1-40CF-89A8-E4693EC65EE8}.Release|Any CPU.Build.0 = Release|Any CPU
		{98E59853-2F27-47DA-8C49-AB3B926094CA}.Debug|Any CPU.ActiveCfg = Debug|Any CPU
		{98E59853-2F27-47DA-8C49-AB3B926094CA}.Debug|Any CPU.Build.0 = Debug|Any CPU
		{98E59853-2F27-47DA-8C49-AB3B926094CA}.Release|Any CPU.ActiveCfg = Release|Any CPU
		{98E59853-2F27-47DA-8C49-AB3B926094CA}.Release|Any CPU.Build.0 = Release|Any CPU
		{71D892E8-8E56-47A2-A8E8-430C3DBE5D47}.Debug|Any CPU.ActiveCfg = Debug|Any CPU
		{71D892E8-8E56-47A2-A8E8-430C3DBE5D47}.Debug|Any CPU.Build.0 = Debug|Any CPU
		{71D892E8-8E56-47A2-A8E8-430C3DBE5D47}.Release|Any CPU.ActiveCfg = Release|Any CPU
		{71D892E8-8E56-47A2-A8E8-430C3DBE5D47}.Release|Any CPU.Build.0 = Release|Any CPU
		{7F94D265-D05A-4651-9890-76A7396216FF}.Debug|Any CPU.ActiveCfg = Debug|Any CPU
		{7F94D265-D05A-4651-9890-76A7396216FF}.Debug|Any CPU.Build.0 = Debug|Any CPU
		{7F94D265-D05A-4651-9890-76A7396216FF}.Release|Any CPU.ActiveCfg = Release|Any CPU
		{7F94D265-D05A-4651-9890-76A7396216FF}.Release|Any CPU.Build.0 = Release|Any CPU
	EndGlobalSection
	GlobalSection(SolutionProperties) = preSolution
		HideSolutionNode = FALSE
	EndGlobalSection
	GlobalSection(NestedProjects) = preSolution
		{82A13A0B-63F1-40CF-89A8-E4693EC65EE8} = {B0ED8515-9045-41EC-BAB3-15C63A6AE9A0}
		{98E59853-2F27-47DA-8C49-AB3B926094CA} = {B0ED8515-9045-41EC-BAB3-15C63A6AE9A0}
		{71D892E8-8E56-47A2-A8E8-430C3DBE5D47} = {B0ED8515-9045-41EC-BAB3-15C63A6AE9A0}
		{7F94D265-D05A-4651-9890-76A7396216FF} = {B0ED8515-9045-41EC-BAB3-15C63A6AE9A0}
	EndGlobalSection
	GlobalSection(ExtensibilityGlobals) = postSolution
		SolutionGuid = {296FC977-2EE5-453C-B7B3-D37E199B12A0}
	EndGlobalSection
EndGlobal
